dependencies:
- name: aissemble-spark-history-chart
  repository: oci://ghcr.io/boozallen
  version: 1.10.0-SNAPSHOT
- name: aissemble-thrift-server-chart
  repository: oci://ghcr.io/boozallen
  version: 1.10.0-SNAPSHOT
- name: aissemble-hive-metastore-service-chart
  repository: oci://ghcr.io/boozallen
  version: 1.10.0-SNAPSHOT
digest: sha256:784315f6600ee63f4ebe666b6d4566c11797ca40abe448be58208ae41bbdd102
generated: "2024-10-31T10:43:10.35449-04:00"
